
Microsoft Visual Studio Solution File, Format Version 12.00
# Visual Studio Version 16
VisualStudioVersion = 16.0.33927.289
MinimumVisualStudioVersion = 10.0.40219.1
Project("{2150E333-8FDC-42A3-9474-1A3956D46DE8}") = "Task0", "Task0", "{85E7C45C-DFD7-4987-A232-2033DDA644BC}"
EndProject
Project("{FAE04EC0-301F-11D3-BF4B-00C04F79EFBC}") = "Tyuiu.SugrovskyNI.Sorint0.Task0.V0", "Tyuiu.SugrovskyNI.Sorint0.Task0.V0\Tyuiu.SugrovskyNI.Sorint0.Task0.V0.csproj", "{4756159B-4497-4308-90A4-44506AC5A49C}"
EndProject
Project("{2150E333-8FDC-42A3-9474-1A3956D46DE8}") = "Task1", "Task1", "{77FB996F-482C-4337-9AB1-0A2A1E1D7E84}"
EndProject
Project("{FAE04EC0-301F-11D3-BF4B-00C04F79EFBC}") = "Tyuiu.SugrovkiyNI.Sprint0.Task1.V0", "Tyuiu.SugrovkiyNI.Sprint0.Task1.V0\Tyuiu.SugrovkiyNI.Sprint0.Task1.V0.csproj", "{0DE3CC99-EC8F-43EE-8AAF-E895B3EF8E59}"
EndProject
Project("{2150E333-8FDC-42A3-9474-1A3956D46DE8}") = "Task2", "Task2", "{93481123-80DA-4984-AA74-EBF2CF6BF476}"
EndProject
Project("{FAE04EC0-301F-11D3-BF4B-00C04F79EFBC}") = "Tyuiu.SugrovskiyNI.Sprint0.Task2.V0", "Tyuiu.SugrovskiyNI.Sprint0.Task2.V0\Tyuiu.SugrovskiyNI.Sprint0.Task2.V0.csproj", "{D47C73DB-03A4-485A-9521-A37164DE0685}"
EndProject
Project("{FAE04EC0-301F-11D3-BF4B-00C04F79EFBC}") = "Tyuiu.SugrovskiyNI.Sprint0.Task2.V0.Lib", "Tyuiu.SugrovskiyNI.Sprint0.Task2.V0.Lib\Tyuiu.SugrovskiyNI.Sprint0.Task2.V0.Lib.csproj", "{7B006723-9B8B-462B-83C9-4D1F06D55383}"
EndProject
Project("{FAE04EC0-301F-11D3-BF4B-00C04F79EFBC}") = "Tyuiu.SugrovskiyNI.Task2.V0.Test", "Tyuiu.SugrovskiyNI.Task2.V0.Test\Tyuiu.SugrovskiyNI.Task2.V0.Test.csproj", "{1198FC99-EE96-4A77-8776-4735EAE71414}"
EndProject
Project("{2150E333-8FDC-42A3-9474-1A3956D46DE8}") = "Task3", "Task3", "{638E505F-5676-4444-9A60-D6822B3BD00B}"
EndProject
Project("{FAE04EC0-301F-11D3-BF4B-00C04F79EFBC}") = "Tyuiu.SugrovskiyNI.Sprint0.Task3.V0", "Tyuiu.SugrovskiyNI.Sprint0.Task3.V0\Tyuiu.SugrovskiyNI.Sprint0.Task3.V0.csproj", "{39F03D81-2289-4F0D-86BE-EFBF3568F943}"
EndProject
Project("{FAE04EC0-301F-11D3-BF4B-00C04F79EFBC}") = "Tyuiu.SugrovskiyNI.Sprint0.Task3.V0.Lib", "Tyuiu.SugrovskiyNI.Sprint0.Task3.V0.Lib\Tyuiu.SugrovskiyNI.Sprint0.Task3.V0.Lib.csproj", "{D6F4E751-0312-458B-85B9-4E6EC7838911}"
EndProject
Project("{FAE04EC0-301F-11D3-BF4B-00C04F79EFBC}") = "Tyuiu.SugrovskiyNI.Sprint0.Task3.V0.Test", "Tyuiu.SugrovskiyNI.Sprint0.Task3.V0.Test\Tyuiu.SugrovskiyNI.Sprint0.Task3.V0.Test.csproj", "{61E64B60-39CB-4F29-83BB-7EA2A9194690}"
EndProject
Project("{2150E333-8FDC-42A3-9474-1A3956D46DE8}") = "Task4", "Task4", "{6D3DD611-4D8F-4E72-A707-9F4FFB180962}"
EndProject
Project("{FAE04EC0-301F-11D3-BF4B-00C04F79EFBC}") = "Tyuiu.SugroskiyNI.Sprint0.Task4.V0", "Tyuiu.SugroskiyNI.Sprint0.Task4.V0\Tyuiu.SugroskiyNI.Sprint0.Task4.V0.csproj", "{A4E6D0CC-1A4B-42CF-8893-7F92E081FE75}"
EndProject
Project("{FAE04EC0-301F-11D3-BF4B-00C04F79EFBC}") = "Tyuiu.SugrovskiyNI.Sprint0.Task4.V0.Lib", "Tyuiu.SugrovskiyNI.Sprint0.Task4.V0.Lib\Tyuiu.SugrovskiyNI.Sprint0.Task4.V0.Lib.csproj", "{20941324-2DF7-448F-9D34-25E211A522DC}"
EndProject
Project("{FAE04EC0-301F-11D3-BF4B-00C04F79EFBC}") = "Tyuiu.SugrovskiyNI.Sprint0.Task4.V0.Test", "Tyuiu.SugrovskiyNI.Sprint0.Task4.V0.Test\Tyuiu.SugrovskiyNI.Sprint0.Task4.V0.Test.csproj", "{7C9B6A40-3537-4CFF-AD2B-2A8721366F22}"
EndProject
Project("{2150E333-8FDC-42A3-9474-1A3956D46DE8}") = "Task5", "Task5", "{11451902-0652-4052-8695-F3DE9048427F}"
EndProject
Project("{FAE04EC0-301F-11D3-BF4B-00C04F79EFBC}") = "Tyuiu.SugroskiyNI.Sprint0.Task5.V0", "Tyuiu.SugroskiyNI.Sprint0.Task5.V0\Tyuiu.SugroskiyNI.Sprint0.Task5.V0.csproj", "{D5FEEE05-4241-42B0-96E3-C54DC9DC2708}"
EndProject
Project("{FAE04EC0-301F-11D3-BF4B-00C04F79EFBC}") = "Tyuiu.SugrovskiyNI.Sprint0.Task5.V0.Lib", "Tyuiu.SugrovskiyNI.Sprint0.Task5.V0.Lib\Tyuiu.SugrovskiyNI.Sprint0.Task5.V0.Lib.csproj", "{A3E70D0B-E559-44C8-A882-19F33A261D59}"
EndProject
Project("{FAE04EC0-301F-11D3-BF4B-00C04F79EFBC}") = "Tyuiu.SugrovskiyNI.Sprint0.Task5.V0.Test", "Tyuiu.SugrovskiyNI.Sprint0.Task5.V0.Test\Tyuiu.SugrovskiyNI.Sprint0.Task5.V0.Test.csproj", "{90FD4CAF-3100-4DE6-A37F-3C5E27C0CBDA}"
EndProject
Global
	GlobalSection(SolutionConfigurationPlatforms) = preSolution
		Debug|Any CPU = Debug|Any CPU
		Release|Any CPU = Release|Any CPU
	EndGlobalSection
	GlobalSection(ProjectConfigurationPlatforms) = postSolution
		{4756159B-4497-4308-90A4-44506AC5A49C}.Debug|Any CPU.ActiveCfg = Debug|Any CPU
		{4756159B-4497-4308-90A4-44506AC5A49C}.Debug|Any CPU.Build.0 = Debug|Any CPU
		{4756159B-4497-4308-90A4-44506AC5A49C}.Release|Any CPU.ActiveCfg = Release|Any CPU
		{4756159B-4497-4308-90A4-44506AC5A49C}.Release|Any CPU.Build.0 = Release|Any CPU
		{0DE3CC99-EC8F-43EE-8AAF-E895B3EF8E59}.Debug|Any CPU.ActiveCfg = Debug|Any CPU
		{0DE3CC99-EC8F-43EE-8AAF-E895B3EF8E59}.Debug|Any CPU.Build.0 = Debug|Any CPU
		{0DE3CC99-EC8F-43EE-8AAF-E895B3EF8E59}.Release|Any CPU.ActiveCfg = Release|Any CPU
		{0DE3CC99-EC8F-43EE-8AAF-E895B3EF8E59}.Release|Any CPU.Build.0 = Release|Any CPU
		{D47C73DB-03A4-485A-9521-A37164DE0685}.Debug|Any CPU.ActiveCfg = Debug|Any CPU
		{D47C73DB-03A4-485A-9521-A37164DE0685}.Debug|Any CPU.Build.0 = Debug|Any CPU
		{D47C73DB-03A4-485A-9521-A37164DE0685}.Release|Any CPU.ActiveCfg = Release|Any CPU
		{D47C73DB-03A4-485A-9521-A37164DE0685}.Release|Any CPU.Build.0 = Release|Any CPU
		{7B006723-9B8B-462B-83C9-4D1F06D55383}.Debug|Any CPU.ActiveCfg = Debug|Any CPU
		{7B006723-9B8B-462B-83C9-4D1F06D55383}.Debug|Any CPU.Build.0 = Debug|Any CPU
		{7B006723-9B8B-462B-83C9-4D1F06D55383}.Release|Any CPU.ActiveCfg = Release|Any CPU
		{7B006723-9B8B-462B-83C9-4D1F06D55383}.Release|Any CPU.Build.0 = Release|Any CPU
		{1198FC99-EE96-4A77-8776-4735EAE71414}.Debug|Any CPU.ActiveCfg = Debug|Any CPU
		{1198FC99-EE96-4A77-8776-4735EAE71414}.Debug|Any CPU.Build.0 = Debug|Any CPU
		{1198FC99-EE96-4A77-8776-4735EAE71414}.Release|Any CPU.ActiveCfg = Release|Any CPU
		{1198FC99-EE96-4A77-8776-4735EAE71414}.Release|Any CPU.Build.0 = Release|Any CPU
		{39F03D81-2289-4F0D-86BE-EFBF3568F943}.Debug|Any CPU.ActiveCfg = Debug|Any CPU
		{39F03D81-2289-4F0D-86BE-EFBF3568F943}.Debug|Any CPU.Build.0 = Debug|Any CPU
		{39F03D81-2289-4F0D-86BE-EFBF3568F943}.Release|Any CPU.ActiveCfg = Release|Any CPU
		{39F03D81-2289-4F0D-86BE-EFBF3568F943}.Release|Any CPU.Build.0 = Release|Any CPU
		{D6F4E751-0312-458B-85B9-4E6EC7838911}.Debug|Any CPU.ActiveCfg = Debug|Any CPU
		{D6F4E751-0312-458B-85B9-4E6EC7838911}.Debug|Any CPU.Build.0 = Debug|Any CPU
		{D6F4E751-0312-458B-85B9-4E6EC7838911}.Release|Any CPU.ActiveCfg = Release|Any CPU
		{D6F4E751-0312-458B-85B9-4E6EC7838911}.Release|Any CPU.Build.0 = Release|Any CPU
		{61E64B60-39CB-4F29-83BB-7EA2A9194690}.Debug|Any CPU.ActiveCfg = Debug|Any CPU
		{61E64B60-39CB-4F29-83BB-7EA2A9194690}.Debug|Any CPU.Build.0 = Debug|Any CPU
		{61E64B60-39CB-4F29-83BB-7EA2A9194690}.Release|Any CPU.ActiveCfg = Release|Any CPU
		{61E64B60-39CB-4F29-83BB-7EA2A9194690}.Release|Any CPU.Build.0 = Release|Any CPU
		{A4E6D0CC-1A4B-42CF-8893-7F92E081FE75}.Debug|Any CPU.ActiveCfg = Debug|Any CPU
		{A4E6D0CC-1A4B-42CF-8893-7F92E081FE75}.Debug|Any CPU.Build.0 = Debug|Any CPU
		{A4E6D0CC-1A4B-42CF-8893-7F92E081FE75}.Release|Any CPU.ActiveCfg = Release|Any CPU
		{A4E6D0CC-1A4B-42CF-8893-7F92E081FE75}.Release|Any CPU.Build.0 = Release|Any CPU
		{20941324-2DF7-448F-9D34-25E211A522DC}.Debug|Any CPU.ActiveCfg = Debug|Any CPU
		{20941324-2DF7-448F-9D34-25E211A522DC}.Debug|Any CPU.Build.0 = Debug|Any CPU
		{20941324-2DF7-448F-9D34-25E211A522DC}.Release|Any CPU.ActiveCfg = Release|Any CPU
		{20941324-2DF7-448F-9D34-25E211A522DC}.Release|Any CPU.Build.0 = Release|Any CPU
		{7C9B6A40-3537-4CFF-AD2B-2A8721366F22}.Debug|Any CPU.ActiveCfg = Debug|Any CPU
		{7C9B6A40-3537-4CFF-AD2B-2A8721366F22}.Debug|Any CPU.Build.0 = Debug|Any CPU
		{7C9B6A40-3537-4CFF-AD2B-2A8721366F22}.Release|Any CPU.ActiveCfg = Release|Any CPU
		{7C9B6A40-3537-4CFF-AD2B-2A8721366F22}.Release|Any CPU.Build.0 = Release|Any CPU
		{D5FEEE05-4241-42B0-96E3-C54DC9DC2708}.Debug|Any CPU.ActiveCfg = Debug|Any CPU
		{D5FEEE05-4241-42B0-96E3-C54DC9DC2708}.Debug|Any CPU.Build.0 = Debug|Any CPU
		{D5FEEE05-4241-42B0-96E3-C54DC9DC2708}.Release|Any CPU.ActiveCfg = Release|Any CPU
		{D5FEEE05-4241-42B0-96E3-C54DC9DC2708}.Release|Any CPU.Build.0 = Release|Any CPU
		{A3E70D0B-E559-44C8-A882-19F33A261D59}.Debug|Any CPU.ActiveCfg = Debug|Any CPU
		{A3E70D0B-E559-44C8-A882-19F33A261D59}.Debug|Any CPU.Build.0 = Debug|Any CPU
		{A3E70D0B-E559-44C8-A882-19F33A261D59}.Release|Any CPU.ActiveCfg = Release|Any CPU
		{A3E70D0B-E559-44C8-A882-19F33A261D59}.Release|Any CPU.Build.0 = Release|Any CPU
		{90FD4CAF-3100-4DE6-A37F-3C5E27C0CBDA}.Debug|Any CPU.ActiveCfg = Debug|Any CPU
		{90FD4CAF-3100-4DE6-A37F-3C5E27C0CBDA}.Debug|Any CPU.Build.0 = Debug|Any CPU
		{90FD4CAF-3100-4DE6-A37F-3C5E27C0CBDA}.Release|Any CPU.ActiveCfg = Release|Any CPU
		{90FD4CAF-3100-4DE6-A37F-3C5E27C0CBDA}.Release|Any CPU.Build.0 = Release|Any CPU
	EndGlobalSection
	GlobalSection(SolutionProperties) = preSolution
		HideSolutionNode = FALSE
	EndGlobalSection
	GlobalSection(NestedProjects) = preSolution
		{4756159B-4497-4308-90A4-44506AC5A49C} = {85E7C45C-DFD7-4987-A232-2033DDA644BC}
		{0DE3CC99-EC8F-43EE-8AAF-E895B3EF8E59} = {77FB996F-482C-4337-9AB1-0A2A1E1D7E84}
		{D47C73DB-03A4-485A-9521-A37164DE0685} = {93481123-80DA-4984-AA74-EBF2CF6BF476}
		{7B006723-9B8B-462B-83C9-4D1F06D55383} = {93481123-80DA-4984-AA74-EBF2CF6BF476}
		{1198FC99-EE96-4A77-8776-4735EAE71414} = {93481123-80DA-4984-AA74-EBF2CF6BF476}
		{39F03D81-2289-4F0D-86BE-EFBF3568F943} = {638E505F-5676-4444-9A60-D6822B3BD00B}
		{D6F4E751-0312-458B-85B9-4E6EC7838911} = {638E505F-5676-4444-9A60-D6822B3BD00B}
		{61E64B60-39CB-4F29-83BB-7EA2A9194690} = {638E505F-5676-4444-9A60-D6822B3BD00B}
		{A4E6D0CC-1A4B-42CF-8893-7F92E081FE75} = {6D3DD611-4D8F-4E72-A707-9F4FFB180962}
		{20941324-2DF7-448F-9D34-25E211A522DC} = {6D3DD611-4D8F-4E72-A707-9F4FFB180962}
		{7C9B6A40-3537-4CFF-AD2B-2A8721366F22} = {6D3DD611-4D8F-4E72-A707-9F4FFB180962}
		{D5FEEE05-4241-42B0-96E3-C54DC9DC2708} = {11451902-0652-4052-8695-F3DE9048427F}
		{A3E70D0B-E559-44C8-A882-19F33A261D59} = {11451902-0652-4052-8695-F3DE9048427F}
		{90FD4CAF-3100-4DE6-A37F-3C5E27C0CBDA} = {11451902-0652-4052-8695-F3DE9048427F}
	EndGlobalSection
	GlobalSection(ExtensibilityGlobals) = postSolution
		SolutionGuid = {9C2390E5-6C6A-4ED1-8DE9-0D3F10E530AB}
	EndGlobalSection
EndGlobal
